// !$*UTF8*$!
{
	archiveVersion = 1;
	classes = {
	};
	objectVersion = 77;
	objects = {

/* Begin PBXBuildFile section */
		198AB7E7827DB4043A08A8C5 /* MenuBarContent.swift in Sources */ = {isa = PBXBuildFile; fileRef = 6C2F680461FAE383379D7A6D /* MenuBarContent.swift */; };
		213812D756CD965EA42EBA64 /* TOMLParser.swift in Sources */ = {isa = PBXBuildFile; fileRef = 63934F2C629A4A581F13C591 /* TOMLParser.swift */; };
		28C370C05D35E040E5BFF206 /* Keybinding.swift in Sources */ = {isa = PBXBuildFile; fileRef = A71A17F28DCE54435B0B551F /* Keybinding.swift */; };
		2F3828F4840412D873EBF181 /* SwitchMode.swift in Sources */ = {isa = PBXBuildFile; fileRef = 2D6E403FDB76C082C2AB69A8 /* SwitchMode.swift */; };
		400977C582141E7D8E80224F /* NativeHotkeyConflict.swift in Sources */ = {isa = PBXBuildFile; fileRef = F381FDE6D9D28C4B9AA848B1 /* NativeHotkeyConflict.swift */; };
		41B83E25DB349697EF521CAA /* WindowThumbnail.swift in Sources */ = {isa = PBXBuildFile; fileRef = 409C195BA2D4A1458C179187 /* WindowThumbnail.swift */; };
		422744913EA997BD7DFE40BF /* OverlayController.swift in Sources */ = {isa = PBXBuildFile; fileRef = 3B4263808D3FBE36E15E0F4D /* OverlayController.swift */; };
		44F4865690A3E30090934586 /* config.toml in Resources */ = {isa = PBXBuildFile; fileRef = 17062CB8C07D2691E221AFE6 /* config.toml */; };
		46CB6872E8EBEFDD1D0C5026 /* WindowSwitchabilityProbe.swift in Sources */ = {isa = PBXBuildFile; fileRef = 4081C693E839489FA91BBEB2 /* WindowSwitchabilityProbe.swift */; };
		488C74E74EFFD744F2B66D90 /* HIServicesSPI.swift in Sources */ = {isa = PBXBuildFile; fileRef = E65D4503B08575E79E2AEB2F /* HIServicesSPI.swift */; };
		541A880C29DBA6E27CC52BC6 /* WindowEnumerator.swift in Sources */ = {isa = PBXBuildFile; fileRef = FA237BC209BACEE03479F9C5 /* WindowEnumerator.swift */; };
		59E62825276711B3AE23FED5 /* LaunchProfile.swift in Sources */ = {isa = PBXBuildFile; fileRef = 5D1D9174ED8FD2CA0A4FF149 /* LaunchProfile.swift */; };
		618E806B988620E172A13E45 /* NativeHotkeyRestore.swift in Sources */ = {isa = PBXBuildFile; fileRef = 41363FE7B5390C064877D81D /* NativeHotkeyRestore.swift */; };
		64D37DF88335D28C83716F40 /* SkyLight.swift in Sources */ = {isa = PBXBuildFile; fileRef = FA4D8F2BD049B818E4C3790D /* SkyLight.swift */; };
		71E22CCD123CCF718091F8DB /* WindowFocuser.swift in Sources */ = {isa = PBXBuildFile; fileRef = 704F07B389F7056774BE70B9 /* WindowFocuser.swift */; };
		788CF83B980BF98F27932075 /* TOMLConfigTests.swift in Sources */ = {isa = PBXBuildFile; fileRef = F24200F4FDDFA43F04520569 /* TOMLConfigTests.swift */; };
		82116ACE947B3D87DD4DC32A /* CaptureHealth.swift in Sources */ = {isa = PBXBuildFile; fileRef = 48D48F4C062840E7113667E3 /* CaptureHealth.swift */; };
		84D72A0697670315E9706A6D /* OverlaySessionTests.swift in Sources */ = {isa = PBXBuildFile; fileRef = E6C3653BB248506198AFA276 /* OverlaySessionTests.swift */; };
		8C701A9154B86A92D9151B1F /* Permissions.swift in Sources */ = {isa = PBXBuildFile; fileRef = CEE7D07C25D65DEB5BC91169 /* Permissions.swift */; };
		8EA5EDC239B73833175CA897 /* SwitcherPanel.swift in Sources */ = {isa = PBXBuildFile; fileRef = EE31BC4E771567CE8001B2F2 /* SwitcherPanel.swift */; };
		8EAC272A9ED831B3AA224EA6 /* WindowFilterTests.swift in Sources */ = {isa = PBXBuildFile; fileRef = 35E6B10B67E46713183282D9 /* WindowFilterTests.swift */; };
		8F430DD57B9FB2BE9E1E87F4 /* AppDelegate.swift in Sources */ = {isa = PBXBuildFile; fileRef = B601B39E631A5CE5C71E33E0 /* AppDelegate.swift */; };
		9761A586C578B9E0B01C73BA /* CaptureReliabilityTests.swift in Sources */ = {isa = PBXBuildFile; fileRef = 0274FF576D3CC59D6FF4DC7F /* CaptureReliabilityTests.swift */; };
		9FA8B2D7C769A64DDB5C2390 /* HotkeyTap.swift in Sources */ = {isa = PBXBuildFile; fileRef = 3259A283E5998AA73D38DADA /* HotkeyTap.swift */; };
		AD79D873F4AEB01BC613F01C /* Config.swift in Sources */ = {isa = PBXBuildFile; fileRef = 290AEA6B5D912D3B4979D7B9 /* Config.swift */; };
		AE8BB607D689A924461C2D1A /* Assets.xcassets in Resources */ = {isa = PBXBuildFile; fileRef = 525600181727B1500BEC9252 /* Assets.xcassets */; };
		B12237B0F0B51868727891B2 /* WindowRegistry.swift in Sources */ = {isa = PBXBuildFile; fileRef = 10869E356C169B00E00BF301 /* WindowRegistry.swift */; };
		B2F0FE1DE18A37EADD1A2385 /* OverlaySession.swift in Sources */ = {isa = PBXBuildFile; fileRef = 4A1A77506ECACA9398BCEDC4 /* OverlaySession.swift */; };
		C5AE6A3AD7D42C53CEA397FE /* TileGridView.swift in Sources */ = {isa = PBXBuildFile; fileRef = 556FD0EDD87634D487E85A8D /* TileGridView.swift */; };
		CF7103783C1EF0F490A5C9C2 /* KeybindingTests.swift in Sources */ = {isa = PBXBuildFile; fileRef = 14F7E385C2993CB30C4B2E43 /* KeybindingTests.swift */; };
		DF1910CBB368C01357928020 /* ZenTabApp.swift in Sources */ = {isa = PBXBuildFile; fileRef = 4EBD932CC863F5804AAA20E0 /* ZenTabApp.swift */; };
		E4F1395DD342554AA89800D3 /* WindowInfo.swift in Sources */ = {isa = PBXBuildFile; fileRef = 16DBA74F3FE81CD5DF5D4B1B /* WindowInfo.swift */; };
		E9DF22A6B76029570579399D /* AppModel.swift in Sources */ = {isa = PBXBuildFile; fileRef = 376468B2DF2FB17C32FC2C84 /* AppModel.swift */; };
		FA25D9FB60DFF43B09FE1C9C /* ConfigStore.swift in Sources */ = {isa = PBXBuildFile; fileRef = 48C878A39364570F45F0E9BC /* ConfigStore.swift */; };
		FCBC15B7CF4185AF936A940C /* WindowTracker.swift in Sources */ = {isa = PBXBuildFile; fileRef = 66C4796BA0648ABE1C4D343C /* WindowTracker.swift */; };
		FD3BA4196AF855F4C1A0C3AA /* CaptureWatchdog.swift in Sources */ = {isa = PBXBuildFile; fileRef = 398E6E7E4B452FEB1FB94B13 /* CaptureWatchdog.swift */; };
/* End PBXBuildFile section */

/* Begin PBXContainerItemProxy section */
		D87E55925C61B53A243A476D /* PBXContainerItemProxy */ = {
			isa = PBXContainerItemProxy;
			containerPortal = AF2B90CEF03F6697088D1E47 /* Project object */;
			proxyType = 1;
			remoteGlobalIDString = 2B9E3153FD23E7E5CF8D7FCD;
			remoteInfo = ZenTab;
		};
/* End PBXContainerItemProxy section */

/* Begin PBXFileReference section */
		0274FF576D3CC59D6FF4DC7F /* CaptureReliabilityTests.swift */ = {isa = PBXFileReference; lastKnownFileType = sourcecode.swift; path = CaptureReliabilityTests.swift; sourceTree = "<group>"; };
		10869E356C169B00E00BF301 /* WindowRegistry.swift */ = {isa = PBXFileReference; lastKnownFileType = sourcecode.swift; path = WindowRegistry.swift; sourceTree = "<group>"; };
		14F7E385C2993CB30C4B2E43 /* KeybindingTests.swift */ = {isa = PBXFileReference; lastKnownFileType = sourcecode.swift; path = KeybindingTests.swift; sourceTree = "<group>"; };
		16DBA74F3FE81CD5DF5D4B1B /* WindowInfo.swift */ = {isa = PBXFileReference; lastKnownFileType = sourcecode.swift; path = WindowInfo.swift; sourceTree = "<group>"; };
		17062CB8C07D2691E221AFE6 /* config.toml */ = {isa = PBXFileReference; path = config.toml; sourceTree = "<group>"; };
		290AEA6B5D912D3B4979D7B9 /* Config.swift */ = {isa = PBXFileReference; lastKnownFileType = sourcecode.swift; path = Config.swift; sourceTree = "<group>"; };
		2D6E403FDB76C082C2AB69A8 /* SwitchMode.swift */ = {isa = PBXFileReference; lastKnownFileType = sourcecode.swift; path = SwitchMode.swift; sourceTree = "<group>"; };
		31B38D20870FD09668FC3E25 /* ZenTab.app */ = {isa = PBXFileReference; explicitFileType = wrapper.application; includeInIndex = 0; path = ZenTab.app; sourceTree = BUILT_PRODUCTS_DIR; };
		3259A283E5998AA73D38DADA /* HotkeyTap.swift */ = {isa = PBXFileReference; lastKnownFileType = sourcecode.swift; path = HotkeyTap.swift; sourceTree = "<group>"; };
		35E6B10B67E46713183282D9 /* WindowFilterTests.swift */ = {isa = PBXFileReference; lastKnownFileType = sourcecode.swift; path = WindowFilterTests.swift; sourceTree = "<group>"; };
		376468B2DF2FB17C32FC2C84 /* AppModel.swift */ = {isa = PBXFileReference; lastKnownFileType = sourcecode.swift; path = AppModel.swift; sourceTree = "<group>"; };
		398E6E7E4B452FEB1FB94B13 /* CaptureWatchdog.swift */ = {isa = PBXFileReference; lastKnownFileType = sourcecode.swift; path = CaptureWatchdog.swift; sourceTree = "<group>"; };
		3B4263808D3FBE36E15E0F4D /* OverlayController.swift */ = {isa = PBXFileReference; lastKnownFileType = sourcecode.swift; path = OverlayController.swift; sourceTree = "<group>"; };
		4081C693E839489FA91BBEB2 /* WindowSwitchabilityProbe.swift */ = {isa = PBXFileReference; lastKnownFileType = sourcecode.swift; path = WindowSwitchabilityProbe.swift; sourceTree = "<group>"; };
		409C195BA2D4A1458C179187 /* WindowThumbnail.swift */ = {isa = PBXFileReference; lastKnownFileType = sourcecode.swift; path = WindowThumbnail.swift; sourceTree = "<group>"; };
		41363FE7B5390C064877D81D /* NativeHotkeyRestore.swift */ = {isa = PBXFileReference; lastKnownFileType = sourcecode.swift; path = NativeHotkeyRestore.swift; sourceTree = "<group>"; };
		48C878A39364570F45F0E9BC /* ConfigStore.swift */ = {isa = PBXFileReference; lastKnownFileType = sourcecode.swift; path = ConfigStore.swift; sourceTree = "<group>"; };
		48D48F4C062840E7113667E3 /* CaptureHealth.swift */ = {isa = PBXFileReference; lastKnownFileType = sourcecode.swift; path = CaptureHealth.swift; sourceTree = "<group>"; };
		4A1A77506ECACA9398BCEDC4 /* OverlaySession.swift */ = {isa = PBXFileReference; lastKnownFileType = sourcecode.swift; path = OverlaySession.swift; sourceTree = "<group>"; };
		4EBD932CC863F5804AAA20E0 /* ZenTabApp.swift */ = {isa = PBXFileReference; lastKnownFileType = sourcecode.swift; path = ZenTabApp.swift; sourceTree = "<group>"; };
		525600181727B1500BEC9252 /* Assets.xcassets */ = {isa = PBXFileReference; lastKnownFileType = folder.assetcatalog; path = Assets.xcassets; sourceTree = "<group>"; };
		556FD0EDD87634D487E85A8D /* TileGridView.swift */ = {isa = PBXFileReference; lastKnownFileType = sourcecode.swift; path = TileGridView.swift; sourceTree = "<group>"; };
		5D1D9174ED8FD2CA0A4FF149 /* LaunchProfile.swift */ = {isa = PBXFileReference; lastKnownFileType = sourcecode.swift; path = LaunchProfile.swift; sourceTree = "<group>"; };
		63934F2C629A4A581F13C591 /* TOMLParser.swift */ = {isa = PBXFileReference; lastKnownFileType = sourcecode.swift; path = TOMLParser.swift; sourceTree = "<group>"; };
		66C4796BA0648ABE1C4D343C /* WindowTracker.swift */ = {isa = PBXFileReference; lastKnownFileType = sourcecode.swift; path = WindowTracker.swift; sourceTree = "<group>"; };
		6C2F680461FAE383379D7A6D /* MenuBarContent.swift */ = {isa = PBXFileReference; lastKnownFileType = sourcecode.swift; path = MenuBarContent.swift; sourceTree = "<group>"; };
		704F07B389F7056774BE70B9 /* WindowFocuser.swift */ = {isa = PBXFileReference; lastKnownFileType = sourcecode.swift; path = WindowFocuser.swift; sourceTree = "<group>"; };
		A71A17F28DCE54435B0B551F /* Keybinding.swift */ = {isa = PBXFileReference; lastKnownFileType = sourcecode.swift; path = Keybinding.swift; sourceTree = "<group>"; };
		B601B39E631A5CE5C71E33E0 /* AppDelegate.swift */ = {isa = PBXFileReference; lastKnownFileType = sourcecode.swift; path = AppDelegate.swift; sourceTree = "<group>"; };
		CEE7D07C25D65DEB5BC91169 /* Permissions.swift */ = {isa = PBXFileReference; lastKnownFileType = sourcecode.swift; path = Permissions.swift; sourceTree = "<group>"; };
		E65D4503B08575E79E2AEB2F /* HIServicesSPI.swift */ = {isa = PBXFileReference; lastKnownFileType = sourcecode.swift; path = HIServicesSPI.swift; sourceTree = "<group>"; };
		E6C3653BB248506198AFA276 /* OverlaySessionTests.swift */ = {isa = PBXFileReference; lastKnownFileType = sourcecode.swift; path = OverlaySessionTests.swift; sourceTree = "<group>"; };
		E7DEA57FB72789AEBFE7C117 /* ZenTab.entitlements */ = {isa = PBXFileReference; lastKnownFileType = text.plist.entitlements; path = ZenTab.entitlements; sourceTree = "<group>"; };
		EE31BC4E771567CE8001B2F2 /* SwitcherPanel.swift */ = {isa = PBXFileReference; lastKnownFileType = sourcecode.swift; path = SwitcherPanel.swift; sourceTree = "<group>"; };
		F24200F4FDDFA43F04520569 /* TOMLConfigTests.swift */ = {isa = PBXFileReference; lastKnownFileType = sourcecode.swift; path = TOMLConfigTests.swift; sourceTree = "<group>"; };
		F381FDE6D9D28C4B9AA848B1 /* NativeHotkeyConflict.swift */ = {isa = PBXFileReference; lastKnownFileType = sourcecode.swift; path = NativeHotkeyConflict.swift; sourceTree = "<group>"; };
		F51A81869C402552D21D9573 /* ZenTabTests.xctest */ = {isa = PBXFileReference; explicitFileType = wrapper.cfbundle; includeInIndex = 0; path = ZenTabTests.xctest; sourceTree = BUILT_PRODUCTS_DIR; };
		FA237BC209BACEE03479F9C5 /* WindowEnumerator.swift */ = {isa = PBXFileReference; lastKnownFileType = sourcecode.swift; path = WindowEnumerator.swift; sourceTree = "<group>"; };
		FA4D8F2BD049B818E4C3790D /* SkyLight.swift */ = {isa = PBXFileReference; lastKnownFileType = sourcecode.swift; path = SkyLight.swift; sourceTree = "<group>"; };
/* End PBXFileReference section */

/* Begin PBXGroup section */
		1647AA35220E4847C16D4CAA /* Resources */ = {
			isa = PBXGroup;
			children = (
				17062CB8C07D2691E221AFE6 /* config.toml */,
			);
			path = Resources;
			sourceTree = "<group>";
		};
		23E588D989B7D58850041C4E /* Overlay */ = {
			isa = PBXGroup;
			children = (
				3B4263808D3FBE36E15E0F4D /* OverlayController.swift */,
				EE31BC4E771567CE8001B2F2 /* SwitcherPanel.swift */,
				556FD0EDD87634D487E85A8D /* TileGridView.swift */,
			);
			path = Overlay;
			sourceTree = "<group>";
		};
		364D73043AC815313ECAD257 /* ZenTab */ = {
			isa = PBXGroup;
			children = (
				99B3512BB0127BEEEC21ADC8 /* App */,
				AF6D756B548758856D3292DF /* Config */,
				747F7E4EF93F8A9E52DDAE8F /* Input */,
				23E588D989B7D58850041C4E /* Overlay */,
				E55C38398DD6A0FAD300C0F3 /* Private */,
				1647AA35220E4847C16D4CAA /* Resources */,
				8600FD2B52AED55EBE2305A5 /* Switcher */,
				8E53E0068D252A6201087341 /* System */,
				BBB00ABCCF2C1D9AA855C3EF /* Window */,
				525600181727B1500BEC9252 /* Assets.xcassets */,
				E7DEA57FB72789AEBFE7C117 /* ZenTab.entitlements */,
			);
			path = ZenTab;
			sourceTree = "<group>";
		};
		3F8CBDCB0A9F2D2A91A747AC /* ZenTabTests */ = {
			isa = PBXGroup;
			children = (
				0274FF576D3CC59D6FF4DC7F /* CaptureReliabilityTests.swift */,
				14F7E385C2993CB30C4B2E43 /* KeybindingTests.swift */,
				E6C3653BB248506198AFA276 /* OverlaySessionTests.swift */,
				F24200F4FDDFA43F04520569 /* TOMLConfigTests.swift */,
				35E6B10B67E46713183282D9 /* WindowFilterTests.swift */,
			);
			path = ZenTabTests;
			sourceTree = "<group>";
		};
		747F7E4EF93F8A9E52DDAE8F /* Input */ = {
			isa = PBXGroup;
			children = (
				48D48F4C062840E7113667E3 /* CaptureHealth.swift */,
				398E6E7E4B452FEB1FB94B13 /* CaptureWatchdog.swift */,
				3259A283E5998AA73D38DADA /* HotkeyTap.swift */,
				A71A17F28DCE54435B0B551F /* Keybinding.swift */,
				F381FDE6D9D28C4B9AA848B1 /* NativeHotkeyConflict.swift */,
				41363FE7B5390C064877D81D /* NativeHotkeyRestore.swift */,
			);
			path = Input;
			sourceTree = "<group>";
		};
		8600FD2B52AED55EBE2305A5 /* Switcher */ = {
			isa = PBXGroup;
			children = (
				4A1A77506ECACA9398BCEDC4 /* OverlaySession.swift */,
				2D6E403FDB76C082C2AB69A8 /* SwitchMode.swift */,
			);
			path = Switcher;
			sourceTree = "<group>";
		};
		8E53E0068D252A6201087341 /* System */ = {
			isa = PBXGroup;
			children = (
				CEE7D07C25D65DEB5BC91169 /* Permissions.swift */,
			);
			path = System;
			sourceTree = "<group>";
		};
		99B3512BB0127BEEEC21ADC8 /* App */ = {
			isa = PBXGroup;
			children = (
				B601B39E631A5CE5C71E33E0 /* AppDelegate.swift */,
				376468B2DF2FB17C32FC2C84 /* AppModel.swift */,
				5D1D9174ED8FD2CA0A4FF149 /* LaunchProfile.swift */,
				6C2F680461FAE383379D7A6D /* MenuBarContent.swift */,
				4EBD932CC863F5804AAA20E0 /* ZenTabApp.swift */,
			);
			path = App;
			sourceTree = "<group>";
		};
		ADBF63D4BFDE4906A35A5BDE = {
			isa = PBXGroup;
			children = (
				364D73043AC815313ECAD257 /* ZenTab */,
				3F8CBDCB0A9F2D2A91A747AC /* ZenTabTests */,
				BC7906B7B711DFECBF8E6028 /* Products */,
			);
			sourceTree = "<group>";
		};
		AF6D756B548758856D3292DF /* Config */ = {
			isa = PBXGroup;
			children = (
				290AEA6B5D912D3B4979D7B9 /* Config.swift */,
				48C878A39364570F45F0E9BC /* ConfigStore.swift */,
				63934F2C629A4A581F13C591 /* TOMLParser.swift */,
			);
			path = Config;
			sourceTree = "<group>";
		};
		BBB00ABCCF2C1D9AA855C3EF /* Window */ = {
			isa = PBXGroup;
			children = (
				FA237BC209BACEE03479F9C5 /* WindowEnumerator.swift */,
				704F07B389F7056774BE70B9 /* WindowFocuser.swift */,
				16DBA74F3FE81CD5DF5D4B1B /* WindowInfo.swift */,
				10869E356C169B00E00BF301 /* WindowRegistry.swift */,
				4081C693E839489FA91BBEB2 /* WindowSwitchabilityProbe.swift */,
				409C195BA2D4A1458C179187 /* WindowThumbnail.swift */,
				66C4796BA0648ABE1C4D343C /* WindowTracker.swift */,
			);
			path = Window;
			sourceTree = "<group>";
		};
		BC7906B7B711DFECBF8E6028 /* Products */ = {
			isa = PBXGroup;
			children = (
				31B38D20870FD09668FC3E25 /* ZenTab.app */,
				F51A81869C402552D21D9573 /* ZenTabTests.xctest */,
			);
			name = Products;
			sourceTree = "<group>";
		};
		E55C38398DD6A0FAD300C0F3 /* Private */ = {
			isa = PBXGroup;
			children = (
				E65D4503B08575E79E2AEB2F /* HIServicesSPI.swift */,
				FA4D8F2BD049B818E4C3790D /* SkyLight.swift */,
			);
			path = Private;
			sourceTree = "<group>";
		};
/* End PBXGroup section */

/* Begin PBXNativeTarget section */
		2B9E3153FD23E7E5CF8D7FCD /* ZenTab */ = {
			isa = PBXNativeTarget;
			buildConfigurationList = 86B393419F68FEC9610EE86D /* Build configuration list for PBXNativeTarget "ZenTab" */;
			buildPhases = (
				6CADBF90A36D9A6673FC053B /* Sources */,
				0074653C7B57098C491326E9 /* Resources */,
			);
			buildRules = (
			);
			dependencies = (
			);
			name = ZenTab;
			packageProductDependencies = (
			);
			productName = ZenTab;
			productReference = 31B38D20870FD09668FC3E25 /* ZenTab.app */;
			productType = "com.apple.product-type.application";
		};
		A11ACAA3DBE6A3FC11611128 /* ZenTabTests */ = {
			isa = PBXNativeTarget;
			buildConfigurationList = 1CE6F87E4C1511713D1E82EB /* Build configuration list for PBXNativeTarget "ZenTabTests" */;
			buildPhases = (
				4197FDF20F690BDA0DA266EF /* Sources */,
			);
			buildRules = (
			);
			dependencies = (
				3ACA120599DE3A6706EC8E28 /* PBXTargetDependency */,
			);
			name = ZenTabTests;
			packageProductDependencies = (
			);
			productName = ZenTabTests;
			productReference = F51A81869C402552D21D9573 /* ZenTabTests.xctest */;
			productType = "com.apple.product-type.bundle.unit-test";
		};
/* End PBXNativeTarget section */

/* Begin PBXProject section */
		AF2B90CEF03F6697088D1E47 /* Project object */ = {
			isa = PBXProject;
			attributes = {
				BuildIndependentTargetsInParallel = YES;
				LastUpgradeCheck = 1430;
				TargetAttributes = {
					2B9E3153FD23E7E5CF8D7FCD = {
						DevelopmentTeam = "";
						ProvisioningStyle = Automatic;
					};
					A11ACAA3DBE6A3FC11611128 = {
						DevelopmentTeam = "";
						ProvisioningStyle = Automatic;
					};
				};
			};
			buildConfigurationList = 789975321DE8D5C72DA33E3C /* Build configuration list for PBXProject "ZenTab" */;
			developmentRegion = en;
			hasScannedForEncodings = 0;
			knownRegions = (
				Base,
				en,
			);
			mainGroup = ADBF63D4BFDE4906A35A5BDE;
			minimizedProjectReferenceProxies = 1;
			preferredProjectObjectVersion = 77;
			productRefGroup = BC7906B7B711DFECBF8E6028 /* Products */;
			projectDirPath = "";
			projectRoot = "";
			targets = (
				2B9E3153FD23E7E5CF8D7FCD /* ZenTab */,
				A11ACAA3DBE6A3FC11611128 /* ZenTabTests */,
			);
		};
/* End PBXProject section */

/* Begin PBXResourcesBuildPhase section */
		0074653C7B57098C491326E9 /* Resources */ = {
			isa = PBXResourcesBuildPhase;
			buildActionMask = 2147483647;
			files = (
				AE8BB607D689A924461C2D1A /* Assets.xcassets in Resources */,
				44F4865690A3E30090934586 /* config.toml in Resources */,
			);
			runOnlyForDeploymentPostprocessing = 0;
		};
/* End PBXResourcesBuildPhase section */

/* Begin PBXSourcesBuildPhase section */
		4197FDF20F690BDA0DA266EF /* Sources */ = {
			isa = PBXSourcesBuildPhase;
			buildActionMask = 2147483647;
			files = (
				9761A586C578B9E0B01C73BA /* CaptureReliabilityTests.swift in Sources */,
				CF7103783C1EF0F490A5C9C2 /* KeybindingTests.swift in Sources */,
				84D72A0697670315E9706A6D /* OverlaySessionTests.swift in Sources */,
				788CF83B980BF98F27932075 /* TOMLConfigTests.swift in Sources */,
				8EAC272A9ED831B3AA224EA6 /* WindowFilterTests.swift in Sources */,
			);
			runOnlyForDeploymentPostprocessing = 0;
		};
		6CADBF90A36D9A6673FC053B /* Sources */ = {
			isa = PBXSourcesBuildPhase;
			buildActionMask = 2147483647;
			files = (
				8F430DD57B9FB2BE9E1E87F4 /* AppDelegate.swift in Sources */,
				E9DF22A6B76029570579399D /* AppModel.swift in Sources */,
				82116ACE947B3D87DD4DC32A /* CaptureHealth.swift in Sources */,
				FD3BA4196AF855F4C1A0C3AA /* CaptureWatchdog.swift in Sources */,
				AD79D873F4AEB01BC613F01C /* Config.swift in Sources */,
				FA25D9FB60DFF43B09FE1C9C /* ConfigStore.swift in Sources */,
				488C74E74EFFD744F2B66D90 /* HIServicesSPI.swift in Sources */,
				9FA8B2D7C769A64DDB5C2390 /* HotkeyTap.swift in Sources */,
				28C370C05D35E040E5BFF206 /* Keybinding.swift in Sources */,
				59E62825276711B3AE23FED5 /* LaunchProfile.swift in Sources */,
				198AB7E7827DB4043A08A8C5 /* MenuBarContent.swift in Sources */,
				400977C582141E7D8E80224F /* NativeHotkeyConflict.swift in Sources */,
				618E806B988620E172A13E45 /* NativeHotkeyRestore.swift in Sources */,
				422744913EA997BD7DFE40BF /* OverlayController.swift in Sources */,
				B2F0FE1DE18A37EADD1A2385 /* OverlaySession.swift in Sources */,
				8C701A9154B86A92D9151B1F /* Permissions.swift in Sources */,
				64D37DF88335D28C83716F40 /* SkyLight.swift in Sources */,
				2F3828F4840412D873EBF181 /* SwitchMode.swift in Sources */,
				8EA5EDC239B73833175CA897 /* SwitcherPanel.swift in Sources */,
				213812D756CD965EA42EBA64 /* TOMLParser.swift in Sources */,
				C5AE6A3AD7D42C53CEA397FE /* TileGridView.swift in Sources */,
				541A880C29DBA6E27CC52BC6 /* WindowEnumerator.swift in Sources */,
				71E22CCD123CCF718091F8DB /* WindowFocuser.swift in Sources */,
				E4F1395DD342554AA89800D3 /* WindowInfo.swift in Sources */,
				B12237B0F0B51868727891B2 /* WindowRegistry.swift in Sources */,
				46CB6872E8EBEFDD1D0C5026 /* WindowSwitchabilityProbe.swift in Sources */,
				41B83E25DB349697EF521CAA /* WindowThumbnail.swift in Sources */,
				FCBC15B7CF4185AF936A940C /* WindowTracker.swift in Sources */,
				DF1910CBB368C01357928020 /* ZenTabApp.swift in Sources */,
			);
			runOnlyForDeploymentPostprocessing = 0;
		};
/* End PBXSourcesBuildPhase section */

/* Begin PBXTargetDependency section */
		3ACA120599DE3A6706EC8E28 /* PBXTargetDependency */ = {
			isa = PBXTargetDependency;
			target = 2B9E3153FD23E7E5CF8D7FCD /* ZenTab */;
			targetProxy = D87E55925C61B53A243A476D /* PBXContainerItemProxy */;
		};
/* End PBXTargetDependency section */

/* Begin XCBuildConfiguration section */
		34E53CB6FB3EF6D5173F356D /* Release */ = {
			isa = XCBuildConfiguration;
			buildSettings = {
				BUNDLE_LOADER = "$(TEST_HOST)";
				COMBINE_HIDPI_IMAGES = YES;
				GENERATE_INFOPLIST_FILE = YES;
				LD_RUNPATH_SEARCH_PATHS = (
					"$(inherited)",
					"@executable_path/../Frameworks",
					"@loader_path/../Frameworks",
				);
				PRODUCT_BUNDLE_IDENTIFIER = org.nepjua.ZenTabTests;
				SDKROOT = macosx;
				TEST_HOST = "$(BUILT_PRODUCTS_DIR)/ZenTab.app/Contents/MacOS/ZenTab";
			};
			name = Release;
		};
		3DD82B0EA41C4686D1B549D1 /* Release */ = {
			isa = XCBuildConfiguration;
			buildSettings = {
				ASSETCATALOG_COMPILER_APPICON_NAME = AppIcon;
				ASSETCATALOG_COMPILER_GLOBAL_ACCENT_COLOR_NAME = AccentColor;
				CODE_SIGN_ENTITLEMENTS = ZenTab/ZenTab.entitlements;
				COMBINE_HIDPI_IMAGES = YES;
				ENABLE_HARDENED_RUNTIME = YES;
				ENABLE_PREVIEWS = YES;
				FRAMEWORK_SEARCH_PATHS = "$(inherited) /System/Library/PrivateFrameworks";
				GENERATE_INFOPLIST_FILE = YES;
				INFOPLIST_KEY_CFBundleDisplayName = ZenTab;
				INFOPLIST_KEY_LSApplicationCategoryType = "public.app-category.productivity";
				INFOPLIST_KEY_LSUIElement = YES;
				INFOPLIST_KEY_NSHumanReadableCopyright = "";
				LD_RUNPATH_SEARCH_PATHS = (
					"$(inherited)",
					"@executable_path/../Frameworks",
				);
				OTHER_LDFLAGS = "$(inherited) -framework SkyLight";
				PRODUCT_BUNDLE_IDENTIFIER = org.nepjua.ZenTab;
				PRODUCT_NAME = ZenTab;
				SDKROOT = macosx;
			};
			name = Release;
		};
		4186A8D6FE42EBCC0672B69E /* Debug */ = {
			isa = XCBuildConfiguration;
			buildSettings = {
				ALWAYS_SEARCH_USER_PATHS = NO;
				CLANG_ANALYZER_NONNULL = YES;
				CLANG_ANALYZER_NUMBER_OBJECT_CONVERSION = YES_AGGRESSIVE;
				CLANG_CXX_LANGUAGE_STANDARD = "gnu++14";
				CLANG_CXX_LIBRARY = "libc++";
				CLANG_ENABLE_MODULES = YES;
				CLANG_ENABLE_OBJC_ARC = YES;
				CLANG_ENABLE_OBJC_WEAK = YES;
				CLANG_WARN_BLOCK_CAPTURE_AUTORELEASING = YES;
				CLANG_WARN_BOOL_CONVERSION = YES;
				CLANG_WARN_COMMA = YES;
				CLANG_WARN_CONSTANT_CONVERSION = YES;
				CLANG_WARN_DEPRECATED_OBJC_IMPLEMENTATIONS = YES;
				CLANG_WARN_DIRECT_OBJC_ISA_USAGE = YES_ERROR;
				CLANG_WARN_DOCUMENTATION_COMMENTS = YES;
				CLANG_WARN_EMPTY_BODY = YES;
				CLANG_WARN_ENUM_CONVERSION = YES;
				CLANG_WARN_INFINITE_RECURSION = YES;
				CLANG_WARN_INT_CONVERSION = YES;
				CLANG_WARN_NON_LITERAL_NULL_CONVERSION = YES;
				CLANG_WARN_OBJC_IMPLICIT_RETAIN_SELF = YES;
				CLANG_WARN_OBJC_LITERAL_CONVERSION = YES;
				CLANG_WARN_OBJC_ROOT_CLASS = YES_ERROR;
				CLANG_WARN_QUOTED_INCLUDE_IN_FRAMEWORK_HEADER = YES;
				CLANG_WARN_RANGE_LOOP_ANALYSIS = YES;
				CLANG_WARN_STRICT_PROTOTYPES = YES;
				CLANG_WARN_SUSPICIOUS_MOVE = YES;
				CLANG_WARN_UNGUARDED_AVAILABILITY = YES_AGGRESSIVE;
				CLANG_WARN_UNREACHABLE_CODE = YES;
				CLANG_WARN__DUPLICATE_METHOD_MATCH = YES;
				CODE_SIGN_STYLE = Automatic;
				COPY_PHASE_STRIP = NO;
				CURRENT_PROJECT_VERSION = 1;
				DEBUG_INFORMATION_FORMAT = dwarf;
				DEVELOPMENT_TEAM = "";
				ENABLE_STRICT_OBJC_MSGSEND = YES;
				ENABLE_TESTABILITY = YES;
				GCC_C_LANGUAGE_STANDARD = gnu11;
				GCC_DYNAMIC_NO_PIC = NO;
				GCC_NO_COMMON_BLOCKS = YES;
				GCC_OPTIMIZATION_LEVEL = 0;
				GCC_PREPROCESSOR_DEFINITIONS = (
					"$(inherited)",
					"DEBUG=1",
				);
				GCC_WARN_64_TO_32_BIT_CONVERSION = YES;
				GCC_WARN_ABOUT_RETURN_TYPE = YES_ERROR;
				GCC_WARN_UNDECLARED_SELECTOR = YES;
				GCC_WARN_UNINITIALIZED_AUTOS = YES_AGGRESSIVE;
				GCC_WARN_UNUSED_FUNCTION = YES;
				GCC_WARN_UNUSED_VARIABLE = YES;
				MACOSX_DEPLOYMENT_TARGET = 15.0;
				MARKETING_VERSION = 0.1.0;
				MTL_ENABLE_DEBUG_INFO = INCLUDE_SOURCE;
				MTL_FAST_MATH = YES;
				ONLY_ACTIVE_ARCH = YES;
				PRODUCT_NAME = "$(TARGET_NAME)";
				SDKROOT = macosx;
				SWIFT_ACTIVE_COMPILATION_CONDITIONS = DEBUG;
				SWIFT_OPTIMIZATION_LEVEL = "-Onone";
				SWIFT_VERSION = 6.0;
			};
			name = Debug;
		};
		985FCE79A71BDFC442B870AE /* Release */ = {
			isa = XCBuildConfiguration;
			buildSettings = {
				ALWAYS_SEARCH_USER_PATHS = NO;
				CLANG_ANALYZER_NONNULL = YES;
				CLANG_ANALYZER_NUMBER_OBJECT_CONVERSION = YES_AGGRESSIVE;
				CLANG_CXX_LANGUAGE_STANDARD = "gnu++14";
				CLANG_CXX_LIBRARY = "libc++";
				CLANG_ENABLE_MODULES = YES;
				CLANG_ENABLE_OBJC_ARC = YES;
				CLANG_ENABLE_OBJC_WEAK = YES;
				CLANG_WARN_BLOCK_CAPTURE_AUTORELEASING = YES;
				CLANG_WARN_BOOL_CONVERSION = YES;
				CLANG_WARN_COMMA = YES;
				CLANG_WARN_CONSTANT_CONVERSION = YES;
				CLANG_WARN_DEPRECATED_OBJC_IMPLEMENTATIONS = YES;
				CLANG_WARN_DIRECT_OBJC_ISA_USAGE = YES_ERROR;
				CLANG_WARN_DOCUMENTATION_COMMENTS = YES;
				CLANG_WARN_EMPTY_BODY = YES;
				CLANG_WARN_ENUM_CONVERSION = YES;
				CLANG_WARN_INFINITE_RECURSION = YES;
				CLANG_WARN_INT_CONVERSION = YES;
				CLANG_WARN_NON_LITERAL_NULL_CONVERSION = YES;
				CLANG_WARN_OBJC_IMPLICIT_RETAIN_SELF = YES;
				CLANG_WARN_OBJC_LITERAL_CONVERSION = YES;
				CLANG_WARN_OBJC_ROOT_CLASS = YES_ERROR;
				CLANG_WARN_QUOTED_INCLUDE_IN_FRAMEWORK_HEADER = YES;
				CLANG_WARN_RANGE_LOOP_ANALYSIS = YES;
				CLANG_WARN_STRICT_PROTOTYPES = YES;
				CLANG_WARN_SUSPICIOUS_MOVE = YES;
				CLANG_WARN_UNGUARDED_AVAILABILITY = YES_AGGRESSIVE;
				CLANG_WARN_UNREACHABLE_CODE = YES;
				CLANG_WARN__DUPLICATE_METHOD_MATCH = YES;
				CODE_SIGN_STYLE = Automatic;
				COPY_PHASE_STRIP = NO;
				CURRENT_PROJECT_VERSION = 1;
				DEBUG_INFORMATION_FORMAT = "dwarf-with-dsym";
				DEVELOPMENT_TEAM = "";
				ENABLE_NS_ASSERTIONS = NO;
				ENABLE_STRICT_OBJC_MSGSEND = YES;
				GCC_C_LANGUAGE_STANDARD = gnu11;
				GCC_NO_COMMON_BLOCKS = YES;
				GCC_WARN_64_TO_32_BIT_CONVERSION = YES;
				GCC_WARN_ABOUT_RETURN_TYPE = YES_ERROR;
				GCC_WARN_UNDECLARED_SELECTOR = YES;
				GCC_WARN_UNINITIALIZED_AUTOS = YES_AGGRESSIVE;
				GCC_WARN_UNUSED_FUNCTION = YES;
				GCC_WARN_UNUSED_VARIABLE = YES;
				MACOSX_DEPLOYMENT_TARGET = 15.0;
				MARKETING_VERSION = 0.1.0;
				MTL_ENABLE_DEBUG_INFO = NO;
				MTL_FAST_MATH = YES;
				PRODUCT_NAME = "$(TARGET_NAME)";
				SDKROOT = macosx;
				SWIFT_COMPILATION_MODE = wholemodule;
				SWIFT_OPTIMIZATION_LEVEL = "-O";
				SWIFT_VERSION = 6.0;
			};
			name = Release;
		};
		F315A22631C78281A1227DF8 /* Debug */ = {
			isa = XCBuildConfiguration;
			buildSettings = {
				ASSETCATALOG_COMPILER_APPICON_NAME = AppIcon;
				ASSETCATALOG_COMPILER_GLOBAL_ACCENT_COLOR_NAME = AccentColor;
				CODE_SIGN_ENTITLEMENTS = ZenTab/ZenTab.entitlements;
				COMBINE_HIDPI_IMAGES = YES;
				ENABLE_HARDENED_RUNTIME = YES;
				ENABLE_PREVIEWS = YES;
				FRAMEWORK_SEARCH_PATHS = "$(inherited) /System/Library/PrivateFrameworks";
				GENERATE_INFOPLIST_FILE = YES;
				INFOPLIST_KEY_CFBundleDisplayName = ZenTab;
				INFOPLIST_KEY_LSApplicationCategoryType = "public.app-category.productivity";
				INFOPLIST_KEY_LSUIElement = YES;
				INFOPLIST_KEY_NSHumanReadableCopyright = "";
				LD_RUNPATH_SEARCH_PATHS = (
					"$(inherited)",
					"@executable_path/../Frameworks",
				);
				OTHER_LDFLAGS = "$(inherited) -framework SkyLight";
				PRODUCT_BUNDLE_IDENTIFIER = org.nepjua.ZenTab;
				PRODUCT_NAME = ZenTab;
				SDKROOT = macosx;
			};
			name = Debug;
		};
		FE2C43BDA270FA9D928DD60D /* Debug */ = {
			isa = XCBuildConfiguration;
			buildSettings = {
				BUNDLE_LOADER = "$(TEST_HOST)";
				COMBINE_HIDPI_IMAGES = YES;
				GENERATE_INFOPLIST_FILE = YES;
				LD_RUNPATH_SEARCH_PATHS = (
					"$(inherited)",
					"@executable_path/../Frameworks",
					"@loader_path/../Frameworks",
				);
				PRODUCT_BUNDLE_IDENTIFIER = org.nepjua.ZenTabTests;
				SDKROOT = macosx;
				TEST_HOST = "$(BUILT_PRODUCTS_DIR)/ZenTab.app/Contents/MacOS/ZenTab";
			};
			name = Debug;
		};
/* End XCBuildConfiguration section */

/* Begin XCConfigurationList section */
		1CE6F87E4C1511713D1E82EB /* Build configuration list for PBXNativeTarget "ZenTabTests" */ = {
			isa = XCConfigurationList;
			buildConfigurations = (
				FE2C43BDA270FA9D928DD60D /* Debug */,
				34E53CB6FB3EF6D5173F356D /* Release */,
			);
			defaultConfigurationIsVisible = 0;
			defaultConfigurationName = Debug;
		};
		789975321DE8D5C72DA33E3C /* Build configuration list for PBXProject "ZenTab" */ = {
			isa = XCConfigurationList;
			buildConfigurations = (
				4186A8D6FE42EBCC0672B69E /* Debug */,
				985FCE79A71BDFC442B870AE /* Release */,
			);
			defaultConfigurationIsVisible = 0;
			defaultConfigurationName = Debug;
		};
		86B393419F68FEC9610EE86D /* Build configuration list for PBXNativeTarget "ZenTab" */ = {
			isa = XCConfigurationList;
			buildConfigurations = (
				F315A22631C78281A1227DF8 /* Debug */,
				3DD82B0EA41C4686D1B549D1 /* Release */,
			);
			defaultConfigurationIsVisible = 0;
			defaultConfigurationName = Debug;
		};
/* End XCConfigurationList section */
	};
	rootObject = AF2B90CEF03F6697088D1E47 /* Project object */;
}
